{
  "version": 1,
  "dependencies": {
    "net9.0": {
      "Fargo.CmdLine": {
        "type": "Direct",
        "requested": "[1.7.5, )",
        "resolved": "1.7.5",
        "contentHash": "u2fPQAmwJSAfCJRUDoN1NEg1ZmkZw5NsbvgLHhkCjLCkefEiRS/2EVu0W5BcxgkehkgI0Wx6E2qn7rnpPR2YKQ==",
        "dependencies": {
          "FSharp.Core": "8.0.100"
        }
      },
      "FSharp.Core": {
        "type": "Direct",
        "requested": "[9.0.300, )",
        "resolved": "9.0.300",
        "contentHash": "2ZDoF/N7WPidmaflrTnPucUJfaV5XkIHCh4h77yET7ihuv2dR2ksSsIiiDd34Z9YmwyYEQocpDl1r6RXFr0DMg=="
      },
      "FSharp.Data": {
        "type": "Direct",
        "requested": "[6.4.0, )",
        "resolved": "6.4.0",
        "contentHash": "KfQbbvlLgP0zaZyp8YhS2+FsxBvhYC9o08emNMcwmpAvnLz9vEMbNefYFQiZX5i/0kAMYh5oDqTbvx3RJSbJFA==",
        "dependencies": {
          "FSharp.Core": "6.0.1",
          "FSharp.Data.Csv.Core": "6.4.0",
          "FSharp.Data.Html.Core": "6.4.0",
          "FSharp.Data.Http": "6.4.0",
          "FSharp.Data.Json.Core": "6.4.0",
          "FSharp.Data.Runtime.Utilities": "6.4.0",
          "FSharp.Data.WorldBank.Core": "6.4.0",
          "FSharp.Data.Xml.Core": "6.4.0"
        }
      },
      "FSharp.SystemTextJson": {
        "type": "Direct",
        "requested": "[1.4.36, )",
        "resolved": "1.4.36",
        "contentHash": "1xLk0SBF1nedD74B77rcArjD2d+DeZwbNI7BVCAyKwIBERo1VoX8Mf4AtX0OV2L3ZeM/XS1b6BuhXCyoh0KBnw==",
        "dependencies": {
          "FSharp.Core": "4.7.0",
          "System.Text.Json": "6.0.10"
        }
      },
      "FSharpPlus": {
        "type": "Direct",
        "requested": "[1.6.1, )",
        "resolved": "1.6.1",
        "contentHash": "HXBoyj7pHxEB5H1YgNBxaPz39ty+KvQFmWQ9AKDaWMtHNGO7r9FH+wq/KL8hz9oIJzG0gKniRUt78qi6WQk4gw==",
        "dependencies": {
          "FSharp.Core": "6.0.6"
        }
      },
      "Serilog": {
        "type": "Direct",
        "requested": "[4.0.1, )",
        "resolved": "4.0.1",
        "contentHash": "pzeDRXdpSLSsgBHpZcmpIDxqMy845Ab4s+dfnBg0sN9h8q/4Wo3vAoe0QCGPze1Q06EVtEPupS+UvLm8iXQmTQ=="
      },
      "Serilog.Sinks.Console": {
        "type": "Direct",
        "requested": "[6.0.0, )",
        "resolved": "6.0.0",
        "contentHash": "fQGWqVMClCP2yEyTXPIinSr5c+CBGUvBybPxjAGcf7ctDhadFhrQw03Mv8rJ07/wR5PDfFjewf2LimvXCDzpbA==",
        "dependencies": {
          "Serilog": "4.0.0"
        }
      },
      "Serilog.Sinks.Seq": {
        "type": "Direct",
        "requested": "[8.0.0, )",
        "resolved": "8.0.0",
        "contentHash": "z5ig56/qzjkX6Fj4U/9m1g8HQaQiYPMZS4Uevtjg1I+WWzoGSf5t/E+6JbMP/jbZYhU63bA5NJN5y0x+qqx2Bw==",
        "dependencies": {
          "Serilog": "4.0.0",
          "Serilog.Sinks.File": "5.0.0"
        }
      },
      "FSharp.Data.Csv.Core": {
        "type": "Transitive",
        "resolved": "6.4.0",
        "contentHash": "kpQnKLPq2OjT7b3uWxDCraY0jbSJohA5hFCZ9bcTzOX0TqU6kVgcR5gCT5jN/dA4y5/qqtT5g9wCDVTmBE/enQ==",
        "dependencies": {
          "FSharp.Core": "6.0.1",
          "FSharp.Data.Runtime.Utilities": "6.4.0"
        }
      },
      "FSharp.Data.Html.Core": {
        "type": "Transitive",
        "resolved": "6.4.0",
        "contentHash": "W5yJ0YarszKRKavgiGLFCsbUSmD6CIUNwX3Upq1l8XgICWKU+IIms1xKA3wIsgyHEJlF+Yviy3tp0b7qnq+I5w==",
        "dependencies": {
          "FSharp.Core": "6.0.1",
          "FSharp.Data.Csv.Core": "6.4.0",
          "FSharp.Data.Runtime.Utilities": "6.4.0"
        }
      },
      "FSharp.Data.Http": {
        "type": "Transitive",
        "resolved": "6.4.0",
        "contentHash": "Q9JNs1xkvoiVRLRMr+RtK6rQHKEQYaG3SckdVl4vYI17mZmUIrWyBDuzLFnO53K9d7zvHrOIjXzGyZ5bGpLCrA==",
        "dependencies": {
          "FSharp.Core": "6.0.1"
        }
      },
      "FSharp.Data.Json.Core": {
        "type": "Transitive",
        "resolved": "6.4.0",
        "contentHash": "iJmuQWrSdErpA9I/UwY1Yzo5ZdXzYqPuoA7Kz32aybkgVYTTV7U1LzA/tAEOMVCmYM9/PHi9F6Oam8qDSbgAGw==",
        "dependencies": {
          "FSharp.Core": "6.0.1",
          "FSharp.Data.Http": "6.4.0",
          "FSharp.Data.Runtime.Utilities": "6.4.0"
        }
      },
      "FSharp.Data.Runtime.Utilities": {
        "type": "Transitive",
        "resolved": "6.4.0",
        "contentHash": "V5JihdafBjtwJYP2Tgf49K/jwFMvNfq4vRY2cPDJ2sL9bPYJQHiEApLJCF43P1sPFskGkQiNi+mWi0+4zVmTGg==",
        "dependencies": {
          "FSharp.Core": "6.0.1",
          "FSharp.Data.Http": "6.4.0"
        }
      },
      "FSharp.Data.WorldBank.Core": {
        "type": "Transitive",
        "resolved": "6.4.0",
        "contentHash": "Luv+XWQkaANMFzp+0Hr3N/7ALrJp9U80V+OjHs13iYuJiCPGI2Jn2v+SS4rNlMxp+rGb6fW/azbuQMsZfku7PQ==",
        "dependencies": {
          "FSharp.Core": "6.0.1",
          "FSharp.Data.Http": "6.4.0",
          "FSharp.Data.Json.Core": "6.4.0",
          "FSharp.Data.Runtime.Utilities": "6.4.0"
        }
      },
      "FSharp.Data.Xml.Core": {
        "type": "Transitive",
        "resolved": "6.4.0",
        "contentHash": "t10Mu6N77xyQQ6T6atITp2ZUOetiBy9fAVL124GCUaTDwdZYUcL4sDOp/oY4IX0kvgzR19pMvkEiBk2tlA8Lvg==",
        "dependencies": {
          "FSharp.Core": "6.0.1",
          "FSharp.Data.Http": "6.4.0",
          "FSharp.Data.Json.Core": "6.4.0",
          "FSharp.Data.Runtime.Utilities": "6.4.0"
        }
      },
      "Serilog.Sinks.File": {
        "type": "Transitive",
        "resolved": "5.0.0",
        "contentHash": "uwV5hdhWPwUH1szhO8PJpFiahqXmzPzJT/sOijH/kFgUx+cyoDTMM8MHD0adw9+Iem6itoibbUXHYslzXsLEAg==",
        "dependencies": {
          "Serilog": "2.10.0"
        }
      },
      "System.Runtime.CompilerServices.Unsafe": {
        "type": "Transitive",
        "resolved": "6.0.0",
        "contentHash": "/iUeP3tq1S0XdNNoMz5C9twLSrM/TH+qElHkXWaPvuNOt+99G75NrV0OS2EqHx5wMN7popYjpc8oTjC1y16DLg=="
      },
      "System.Text.Encodings.Web": {
        "type": "Transitive",
        "resolved": "6.0.0",
        "contentHash": "Vg8eB5Tawm1IFqj4TVK1czJX89rhFxJo9ELqc/Eiq0eXy13RK00eubyU6TJE6y+GQXjyV5gSfiewDUZjQgSE0w==",
        "dependencies": {
          "System.Runtime.CompilerServices.Unsafe": "6.0.0"
        }
      },
      "System.Text.Json": {
        "type": "Transitive",
        "resolved": "6.0.10",
        "contentHash": "NSB0kDipxn2ychp88NXWfFRFlmi1bst/xynOutbnpEfRCT9JZkZ7KOmF/I/hNKo2dILiMGnqblm+j1sggdLB9g==",
        "dependencies": {
          "System.Runtime.CompilerServices.Unsafe": "6.0.0",
          "System.Text.Encodings.Web": "6.0.0"
        }
      }
    }
  }
}